PODS:
  - Alamofire (5.7.1)
  - SDWebImage (5.15.7):
    - SDWebImage/Core (= 5.15.7)
  - SDWebImage/Core (5.15.7)
  - SnapKit (5.6.0)
  - SVProgressHUD (2.2.5)

DEPENDENCIES:
  - Alamofire
  - SDWebImage
  - SnapKit
  - SVProgressHUD

SPEC REPOS:
  trunk:
    - Alamofire
    - SDWebImage
    - SnapKit
    - SVProgressHUD

SPEC CHECKSUMS:
  Alamofire: 0123a34370cb170936ae79a8df46cc62b2edeb88
  SDWebImage: 25bac438318faf37e35650619ebc288a9061d292
  SnapKit: e01d52ebb8ddbc333eefe2132acf85c8227d9c25
  SVProgressHUD: 1428aafac632c1f86f62aa4243ec12008d7a51d6

PODFILE CHECKSUM: 362815184da7479cce78e77429cdf9e11d43fcee

COCOAPODS: 1.12.1
