// !$*UTF8*$!
{
	archiveVersion = 1;
	classes = {
	};
	objectVersion = 56;
	objects = {

/* Begin PBXBuildFile section */
		2448E0E5A0A78BB9283ABFB3 /* Pods______________UITests.framework in Frameworks */ = {isa = PBXBuildFile; fileRef = 81D1D6E53D9ECB4DDDB6907D /* Pods______________UITests.framework */; };
		5C7F037A2A1522F500428FF8 /* QorumLogs.swift in Sources */ = {isa = PBXBuildFile; fileRef = 5C7F03792A1522F500428FF8 /* QorumLogs.swift */; };
		5C7F03BA2A154F6900428FF8 /* NSDate+Extension.swift in Sources */ = {isa = PBXBuildFile; fileRef = 5C7F03B92A154F6900428FF8 /* NSDate+Extension.swift */; };
		5C7F03FA2A15F06E00428FF8 /* String+Regex.swift in Sources */ = {isa = PBXBuildFile; fileRef = 5C7F03F92A15F06E00428FF8 /* String+Regex.swift */; };
		5C8DD0F329FE17F300DAD14E /* NewFeatureViewController.swift in Sources */ = {isa = PBXBuildFile; fileRef = 5C8DD0F229FE17F300DAD14E /* NewFeatureViewController.swift */; };
		5C8DD0F529FE8C0F00DAD14E /* WelcomeViewController.swift in Sources */ = {isa = PBXBuildFile; fileRef = 5C8DD0F429FE8C0F00DAD14E /* WelcomeViewController.swift */; };
		5C8DD0F729FFB47A00DAD14E /* Status.swift in Sources */ = {isa = PBXBuildFile; fileRef = 5C8DD0F629FFB47A00DAD14E /* Status.swift */; };
		5C8DD0F929FFDD6B00DAD14E /* StatusListviewModel.swift in Sources */ = {isa = PBXBuildFile; fileRef = 5C8DD0F829FFDD6B00DAD14E /* StatusListviewModel.swift */; };
		5C8DD0FB29FFEAF000DAD14E /* User.swift in Sources */ = {isa = PBXBuildFile; fileRef = 5C8DD0FA29FFEAF000DAD14E /* User.swift */; };
		5C8DD0FD29FFF62C00DAD14E /* StatusViewModel.swift in Sources */ = {isa = PBXBuildFile; fileRef = 5C8DD0FC29FFF62C00DAD14E /* StatusViewModel.swift */; };
		5C8DD1002A0003B100DAD14E /* StatusCell.swift in Sources */ = {isa = PBXBuildFile; fileRef = 5C8DD0FF2A0003B100DAD14E /* StatusCell.swift */; };
		5C8DD1022A00048100DAD14E /* StatusCellTopView.swift in Sources */ = {isa = PBXBuildFile; fileRef = 5C8DD1012A00048100DAD14E /* StatusCellTopView.swift */; };
		5C8DD1042A0004A600DAD14E /* StatusCellButtomView.swift in Sources */ = {isa = PBXBuildFile; fileRef = 5C8DD1032A0004A600DAD14E /* StatusCellButtomView.swift */; };
		5C8DD1062A013B9000DAD14E /* StatusPictureView.swift in Sources */ = {isa = PBXBuildFile; fileRef = 5C8DD1052A013B9000DAD14E /* StatusPictureView.swift */; };
		5C8DD1082A02732A00DAD14E /* StatusRetweetedCell.swift in Sources */ = {isa = PBXBuildFile; fileRef = 5C8DD1072A02732A00DAD14E /* StatusRetweetedCell.swift */; };
		5C8DD10A2A0292C900DAD14E /* StatusNormalCell.swift in Sources */ = {isa = PBXBuildFile; fileRef = 5C8DD1092A0292C900DAD14E /* StatusNormalCell.swift */; };
		5C8DD10D2A04AE6800DAD14E /* WBRefreshedControl.swift in Sources */ = {isa = PBXBuildFile; fileRef = 5C8DD10C2A04AE6800DAD14E /* WBRefreshedControl.swift */; };
		5C8DD10F2A05E37800DAD14E /* WBRefreshView.xib in Resources */ = {isa = PBXBuildFile; fileRef = 5C8DD10E2A05E37800DAD14E /* WBRefreshView.xib */; };
		5C8DD2582A09F41C00DAD14E /* ComposeViewController.swift in Sources */ = {isa = PBXBuildFile; fileRef = 5C8DD2572A09F41C00DAD14E /* ComposeViewController.swift */; };
		5C8DD25C2A0A8F2C00DAD14E /* UIBarButtonItem+Extension.swift in Sources */ = {isa = PBXBuildFile; fileRef = 5C8DD25B2A0A8F2C00DAD14E /* UIBarButtonItem+Extension.swift */; };
		5C8DD2682A0ABE3200DAD14E /* EmoticonManager.swift in Sources */ = {isa = PBXBuildFile; fileRef = 5C8DD25F2A0ABE3200DAD14E /* EmoticonManager.swift */; };
		5C8DD2692A0ABE3200DAD14E /* EmoticonView.swift in Sources */ = {isa = PBXBuildFile; fileRef = 5C8DD2602A0ABE3200DAD14E /* EmoticonView.swift */; };
		5C8DD26A2A0ABE3200DAD14E /* Emoticons.bundle in Resources */ = {isa = PBXBuildFile; fileRef = 5C8DD2612A0ABE3200DAD14E /* Emoticons.bundle */; };
		5C8DD26B2A0ABE3200DAD14E /* EmoticonAttachment.swift in Sources */ = {isa = PBXBuildFile; fileRef = 5C8DD2622A0ABE3200DAD14E /* EmoticonAttachment.swift */; };
		5C8DD26C2A0ABE3200DAD14E /* Emoticon.swift in Sources */ = {isa = PBXBuildFile; fileRef = 5C8DD2642A0ABE3200DAD14E /* Emoticon.swift */; };
		5C8DD26D2A0ABE3200DAD14E /* EmoticonPackage.swift in Sources */ = {isa = PBXBuildFile; fileRef = 5C8DD2652A0ABE3200DAD14E /* EmoticonPackage.swift */; };
		5C8DD26E2A0ABE3200DAD14E /* String+Emoji.swift in Sources */ = {isa = PBXBuildFile; fileRef = 5C8DD2662A0ABE3200DAD14E /* String+Emoji.swift */; };
		5C8DD26F2A0ABE3200DAD14E /* UITextView+Emoticon.swift in Sources */ = {isa = PBXBuildFile; fileRef = 5C8DD2672A0ABE3200DAD14E /* UITextView+Emoticon.swift */; };
		5C8DD30F2A0BFC9700DAD14E /* UIImage+Extension.swift in Sources */ = {isa = PBXBuildFile; fileRef = 5C8DD30E2A0BFC9600DAD14E /* UIImage+Extension.swift */; };
		5C8DD3122A0BFCBD00DAD14E /* PicturePickerController.swift in Sources */ = {isa = PBXBuildFile; fileRef = 5C8DD3112A0BFCBD00DAD14E /* PicturePickerController.swift */; };
		5C8DD3162A0C8FA900DAD14E /* PhotoBrowserViewController.swift in Sources */ = {isa = PBXBuildFile; fileRef = 5C8DD3152A0C8FA900DAD14E /* PhotoBrowserViewController.swift */; };
		5C8DD3182A0CAADA00DAD14E /* UIColor+Extension.swift in Sources */ = {isa = PBXBuildFile; fileRef = 5C8DD3172A0CAADA00DAD14E /* UIColor+Extension.swift */; };
		5C8DD31A2A0CACC800DAD14E /* PhotoBrowserCell.swift in Sources */ = {isa = PBXBuildFile; fileRef = 5C8DD3192A0CACC800DAD14E /* PhotoBrowserCell.swift */; };
		5C8DD31C2A0DEA2B00DAD14E /* ProgressimageView.swift in Sources */ = {isa = PBXBuildFile; fileRef = 5C8DD31B2A0DEA2B00DAD14E /* ProgressimageView.swift */; };
		5C9E9EAE2A133BB70021684D /* FMDatabaseQueue.m in Sources */ = {isa = PBXBuildFile; fileRef = 5C9E9EA32A133BB70021684D /* FMDatabaseQueue.m */; };
		5C9E9EAF2A133BB70021684D /* FMDatabaseAdditions.m in Sources */ = {isa = PBXBuildFile; fileRef = 5C9E9EA62A133BB70021684D /* FMDatabaseAdditions.m */; };
		5C9E9EB02A133BB70021684D /* FMDatabase.m in Sources */ = {isa = PBXBuildFile; fileRef = 5C9E9EA72A133BB70021684D /* FMDatabase.m */; };
		5C9E9EB12A133BB70021684D /* FMDatabasePool.m in Sources */ = {isa = PBXBuildFile; fileRef = 5C9E9EAB2A133BB70021684D /* FMDatabasePool.m */; };
		5C9E9EB22A133BB70021684D /* FMResultSet.m in Sources */ = {isa = PBXBuildFile; fileRef = 5C9E9EAC2A133BB70021684D /* FMResultSet.m */; };
		5C9E9EB52A133C6E0021684D /* SQLiteManager.swift in Sources */ = {isa = PBXBuildFile; fileRef = 5C9E9EB42A133C6E0021684D /* SQLiteManager.swift */; };
		5C9E9EBC2A133E7B0021684D /* db.sql in Resources */ = {isa = PBXBuildFile; fileRef = 5C9E9EBB2A133E7B0021684D /* db.sql */; };
		5C9E9EBE2A146C7D0021684D /* StatusDAL.swift in Sources */ = {isa = PBXBuildFile; fileRef = 5C9E9EBD2A146C7D0021684D /* StatusDAL.swift */; };
		5C9EE0EE29FD35A8009BD4AA /* UserAccountViewModel.swift in Sources */ = {isa = PBXBuildFile; fileRef = 5C9EE0ED29FD35A8009BD4AA /* UserAccountViewModel.swift */; };
		5CA7CAC129F6E2B000658A68 /* AppDelegate.swift in Sources */ = {isa = PBXBuildFile; fileRef = 5CA7CAC029F6E2B000658A68 /* AppDelegate.swift */; };
		5CA7CACA29F6E2B100658A68 /* Assets.xcassets in Resources */ = {isa = PBXBuildFile; fileRef = 5CA7CAC929F6E2B100658A68 /* Assets.xcassets */; };
		5CA7CAD829F6E2B200658A68 /* ______Tests.swift in Sources */ = {isa = PBXBuildFile; fileRef = 5CA7CAD729F6E2B200658A68 /* ______Tests.swift */; };
		5CA7CAE229F6E2B200658A68 /* ______UITests.swift in Sources */ = {isa = PBXBuildFile; fileRef = 5CA7CAE129F6E2B200658A68 /* ______UITests.swift */; };
		5CA7CAE429F6E2B200658A68 /* ______UITestsLaunchTests.swift in Sources */ = {isa = PBXBuildFile; fileRef = 5CA7CAE329F6E2B200658A68 /* ______UITestsLaunchTests.swift */; };
		5CA7CAFB29F7734400658A68 /* MainViewController.swift in Sources */ = {isa = PBXBuildFile; fileRef = 5CA7CAFA29F7734400658A68 /* MainViewController.swift */; };
		5CA7CAFD29F7738600658A68 /* HomeTableViewController.swift in Sources */ = {isa = PBXBuildFile; fileRef = 5CA7CAFC29F7738600658A68 /* HomeTableViewController.swift */; };
		5CA7CAFF29F7739700658A68 /* MessageTableViewController.swift in Sources */ = {isa = PBXBuildFile; fileRef = 5CA7CAFE29F7739700658A68 /* MessageTableViewController.swift */; };
		5CA7CB0129F773AF00658A68 /* DiscoverTableViewController.swift in Sources */ = {isa = PBXBuildFile; fileRef = 5CA7CB0029F773AF00658A68 /* DiscoverTableViewController.swift */; };
		5CA7CB0329F773C100658A68 /* ProfileTableViewController.swift in Sources */ = {isa = PBXBuildFile; fileRef = 5CA7CB0229F773C100658A68 /* ProfileTableViewController.swift */; };
		5CA7CB0B29F7C90F00658A68 /* UIButton+Extension.swift in Sources */ = {isa = PBXBuildFile; fileRef = 5CA7CB0A29F7C90F00658A68 /* UIButton+Extension.swift */; };
		5CA7CB1129F8086800658A68 /* VisitorView.swift in Sources */ = {isa = PBXBuildFile; fileRef = 5CA7CB1029F8086800658A68 /* VisitorView.swift */; };
		5CA7CB1729F81A3F00658A68 /* VisitorTableViewController.swift in Sources */ = {isa = PBXBuildFile; fileRef = 5CA7CB1629F81A3F00658A68 /* VisitorTableViewController.swift */; };
		5CA7CB1B29F8C9A200658A68 /* UILabel+Extension.swift in Sources */ = {isa = PBXBuildFile; fileRef = 5CA7CB1A29F8C9A200658A68 /* UILabel+Extension.swift */; };
		5CA7CB1D29F8CDB600658A68 /* UIImageView.swift in Sources */ = {isa = PBXBuildFile; fileRef = 5CA7CB1C29F8CDB600658A68 /* UIImageView.swift */; };
		5CA7CB1F29F8EA3100658A68 /* Common.swift in Sources */ = {isa = PBXBuildFile; fileRef = 5CA7CB1E29F8EA3100658A68 /* Common.swift */; };
		5CDA17362A0E3F6A00596DE3 /* PhotoBrowserAnimator.swift in Sources */ = {isa = PBXBuildFile; fileRef = 5CDA17352A0E3F6A00596DE3 /* PhotoBrowserAnimator.swift */; };
		5CEDF6B729FB6FBB001E907A /* NetworkTools.swift in Sources */ = {isa = PBXBuildFile; fileRef = 5CEDF6B629FB6FBB001E907A /* NetworkTools.swift */; };
		5CEDF6BA29FB7C2C001E907A /* OAuthViewController.swift in Sources */ = {isa = PBXBuildFile; fileRef = 5CEDF6B929FB7C2C001E907A /* OAuthViewController.swift */; };
		5CEDF6BD29FC1470001E907A /* UserAccount.swift in Sources */ = {isa = PBXBuildFile; fileRef = 5CEDF6BC29FC1470001E907A /* UserAccount.swift */; };
		F68794687AB0C366B713E0C6 /* Pods_______Tests.framework in Frameworks */ = {isa = PBXBuildFile; fileRef = BF676C29FD94B44F9E680596 /* Pods_______Tests.framework */; };
/* End PBXBuildFile section */

/* Begin PBXContainerItemProxy section */
		5CA7CAD429F6E2B200658A68 /* PBXContainerItemProxy */ = {
			isa = PBXContainerItemProxy;
			containerPortal = 5CA7CAB529F6E2B000658A68 /* Project object */;
			proxyType = 1;
			remoteGlobalIDString = 5CA7CABC29F6E2B000658A68;
			remoteInfo = "微博项目练习";
		};
		5CA7CADE29F6E2B200658A68 /* PBXContainerItemProxy */ = {
			isa = PBXContainerItemProxy;
			containerPortal = 5CA7CAB529F6E2B000658A68 /* Project object */;
			proxyType = 1;
			remoteGlobalIDString = 5CA7CABC29F6E2B000658A68;
			remoteInfo = "微博项目练习";
		};
/* End PBXContainerItemProxy section */

/* Begin PBXFileReference section */
		0DE8224F6197CA702665739C /* Pods-微博项目练习Tests.release.xcconfig */ = {isa = PBXFileReference; includeInIndex = 1; lastKnownFileType = text.xcconfig; name = "Pods-微博项目练习Tests.release.xcconfig"; path = "Target Support Files/Pods-微博项目练习Tests/Pods-微博项目练习Tests.release.xcconfig"; sourceTree = "<group>"; };
		5C7F03792A1522F500428FF8 /* QorumLogs.swift */ = {isa = PBXFileReference; fileEncoding = 4; lastKnownFileType = sourcecode.swift; path = QorumLogs.swift; sourceTree = "<group>"; };
		5C7F03B92A154F6900428FF8 /* NSDate+Extension.swift */ = {isa = PBXFileReference; fileEncoding = 4; lastKnownFileType = sourcecode.swift; path = "NSDate+Extension.swift"; sourceTree = "<group>"; };
		5C7F03F92A15F06E00428FF8 /* String+Regex.swift */ = {isa = PBXFileReference; fileEncoding = 4; lastKnownFileType = sourcecode.swift; path = "String+Regex.swift"; sourceTree = "<group>"; };
		5C8DD0F229FE17F300DAD14E /* NewFeatureViewController.swift */ = {isa = PBXFileReference; lastKnownFileType = sourcecode.swift; path = NewFeatureViewController.swift; sourceTree = "<group>"; };
		5C8DD0F429FE8C0F00DAD14E /* WelcomeViewController.swift */ = {isa = PBXFileReference; lastKnownFileType = sourcecode.swift; path = WelcomeViewController.swift; sourceTree = "<group>"; };
		5C8DD0F629FFB47A00DAD14E /* Status.swift */ = {isa = PBXFileReference; lastKnownFileType = sourcecode.swift; path = Status.swift; sourceTree = "<group>"; };
		5C8DD0F829FFDD6B00DAD14E /* StatusListviewModel.swift */ = {isa = PBXFileReference; lastKnownFileType = sourcecode.swift; path = StatusListviewModel.swift; sourceTree = "<group>"; };
		5C8DD0FA29FFEAF000DAD14E /* User.swift */ = {isa = PBXFileReference; lastKnownFileType = sourcecode.swift; path = User.swift; sourceTree = "<group>"; };
		5C8DD0FC29FFF62C00DAD14E /* StatusViewModel.swift */ = {isa = PBXFileReference; lastKnownFileType = sourcecode.swift; path = StatusViewModel.swift; sourceTree = "<group>"; };
		5C8DD0FF2A0003B100DAD14E /* StatusCell.swift */ = {isa = PBXFileReference; lastKnownFileType = sourcecode.swift; path = StatusCell.swift; sourceTree = "<group>"; };
		5C8DD1012A00048100DAD14E /* StatusCellTopView.swift */ = {isa = PBXFileReference; lastKnownFileType = sourcecode.swift; path = StatusCellTopView.swift; sourceTree = "<group>"; };
		5C8DD1032A0004A600DAD14E /* StatusCellButtomView.swift */ = {isa = PBXFileReference; lastKnownFileType = sourcecode.swift; path = StatusCellButtomView.swift; sourceTree = "<group>"; };
		5C8DD1052A013B9000DAD14E /* StatusPictureView.swift */ = {isa = PBXFileReference; lastKnownFileType = sourcecode.swift; path = StatusPictureView.swift; sourceTree = "<group>"; };
		5C8DD1072A02732A00DAD14E /* StatusRetweetedCell.swift */ = {isa = PBXFileReference; lastKnownFileType = sourcecode.swift; path = StatusRetweetedCell.swift; sourceTree = "<group>"; };
		5C8DD1092A0292C900DAD14E /* StatusNormalCell.swift */ = {isa = PBXFileReference; lastKnownFileType = sourcecode.swift; path = StatusNormalCell.swift; sourceTree = "<group>"; };
		5C8DD10C2A04AE6800DAD14E /* WBRefreshedControl.swift */ = {isa = PBXFileReference; lastKnownFileType = sourcecode.swift; path = WBRefreshedControl.swift; sourceTree = "<group>"; };
		5C8DD10E2A05E37800DAD14E /* WBRefreshView.xib */ = {isa = PBXFileReference; lastKnownFileType = file.xib; path = WBRefreshView.xib; sourceTree = "<group>"; };
		5C8DD2572A09F41C00DAD14E /* ComposeViewController.swift */ = {isa = PBXFileReference; lastKnownFileType = sourcecode.swift; path = ComposeViewController.swift; sourceTree = "<group>"; };
		5C8DD25B2A0A8F2C00DAD14E /* UIBarButtonItem+Extension.swift */ = {isa = PBXFileReference; lastKnownFileType = sourcecode.swift; path = "UIBarButtonItem+Extension.swift"; sourceTree = "<group>"; };
		5C8DD25F2A0ABE3200DAD14E /* EmoticonManager.swift */ = {isa = PBXFileReference; fileEncoding = 4; lastKnownFileType = sourcecode.swift; path = EmoticonManager.swift; sourceTree = "<group>"; };
		5C8DD2602A0ABE3200DAD14E /* EmoticonView.swift */ = {isa = PBXFileReference; fileEncoding = 4; lastKnownFileType = sourcecode.swift; path = EmoticonView.swift; sourceTree = "<group>"; };
		5C8DD2612A0ABE3200DAD14E /* Emoticons.bundle */ = {isa = PBXFileReference; lastKnownFileType = "wrapper.plug-in"; path = Emoticons.bundle; sourceTree = "<group>"; };
		5C8DD2622A0ABE3200DAD14E /* EmoticonAttachment.swift */ = {isa = PBXFileReference; fileEncoding = 4; lastKnownFileType = sourcecode.swift; path = EmoticonAttachment.swift; sourceTree = "<group>"; };
		5C8DD2642A0ABE3200DAD14E /* Emoticon.swift */ = {isa = PBXFileReference; fileEncoding = 4; lastKnownFileType = sourcecode.swift; path = Emoticon.swift; sourceTree = "<group>"; };
		5C8DD2652A0ABE3200DAD14E /* EmoticonPackage.swift */ = {isa = PBXFileReference; fileEncoding = 4; lastKnownFileType = sourcecode.swift; path = EmoticonPackage.swift; sourceTree = "<group>"; };
		5C8DD2662A0ABE3200DAD14E /* String+Emoji.swift */ = {isa = PBXFileReference; fileEncoding = 4; lastKnownFileType = sourcecode.swift; path = "String+Emoji.swift"; sourceTree = "<group>"; };
		5C8DD2672A0ABE3200DAD14E /* UITextView+Emoticon.swift */ = {isa = PBXFileReference; fileEncoding = 4; lastKnownFileType = sourcecode.swift; path = "UITextView+Emoticon.swift"; sourceTree = "<group>"; };
		5C8DD30E2A0BFC9600DAD14E /* UIImage+Extension.swift */ = {isa = PBXFileReference; fileEncoding = 4; lastKnownFileType = sourcecode.swift; path = "UIImage+Extension.swift"; sourceTree = "<group>"; };
		5C8DD3112A0BFCBD00DAD14E /* PicturePickerController.swift */ = {isa = PBXFileReference; fileEncoding = 4; lastKnownFileType = sourcecode.swift; path = PicturePickerController.swift; sourceTree = "<group>"; };
		5C8DD3152A0C8FA900DAD14E /* PhotoBrowserViewController.swift */ = {isa = PBXFileReference; lastKnownFileType = sourcecode.swift; path = PhotoBrowserViewController.swift; sourceTree = "<group>"; };
		5C8DD3172A0CAADA00DAD14E /* UIColor+Extension.swift */ = {isa = PBXFileReference; lastKnownFileType = sourcecode.swift; path = "UIColor+Extension.swift"; sourceTree = "<group>"; };
		5C8DD3192A0CACC800DAD14E /* PhotoBrowserCell.swift */ = {isa = PBXFileReference; lastKnownFileType = sourcecode.swift; path = PhotoBrowserCell.swift; sourceTree = "<group>"; };
		5C8DD31B2A0DEA2B00DAD14E /* ProgressimageView.swift */ = {isa = PBXFileReference; lastKnownFileType = sourcecode.swift; path = ProgressimageView.swift; sourceTree = "<group>"; };
		5C9E9EA22A133BB70021684D /* FMDatabase.h */ = {isa = PBXFileReference; fileEncoding = 4; lastKnownFileType = sourcecode.c.h; path = FMDatabase.h; sourceTree = "<group>"; };
		5C9E9EA32A133BB70021684D /* FMDatabaseQueue.m */ = {isa = PBXFileReference; fileEncoding = 4; lastKnownFileType = sourcecode.c.objc; path = FMDatabaseQueue.m; sourceTree = "<group>"; };
		5C9E9EA42A133BB70021684D /* FMResultSet.h */ = {isa = PBXFileReference; fileEncoding = 4; lastKnownFileType = sourcecode.c.h; path = FMResultSet.h; sourceTree = "<group>"; };
		5C9E9EA52A133BB70021684D /* FMDatabasePool.h */ = {isa = PBXFileReference; fileEncoding = 4; lastKnownFileType = sourcecode.c.h; path = FMDatabasePool.h; sourceTree = "<group>"; };
		5C9E9EA62A133BB70021684D /* FMDatabaseAdditions.m */ = {isa = PBXFileReference; fileEncoding = 4; lastKnownFileType = sourcecode.c.objc; path = FMDatabaseAdditions.m; sourceTree = "<group>"; };
		5C9E9EA72A133BB70021684D /* FMDatabase.m */ = {isa = PBXFileReference; fileEncoding = 4; lastKnownFileType = sourcecode.c.objc; path = FMDatabase.m; sourceTree = "<group>"; };
		5C9E9EA82A133BB70021684D /* FMDatabaseQueue.h */ = {isa = PBXFileReference; fileEncoding = 4; lastKnownFileType = sourcecode.c.h; path = FMDatabaseQueue.h; sourceTree = "<group>"; };
		5C9E9EA92A133BB70021684D /* FMDB.h */ = {isa = PBXFileReference; fileEncoding = 4; lastKnownFileType = sourcecode.c.h; path = FMDB.h; sourceTree = "<group>"; };
		5C9E9EAA2A133BB70021684D /* FMDatabaseAdditions.h */ = {isa = PBXFileReference; fileEncoding = 4; lastKnownFileType = sourcecode.c.h; path = FMDatabaseAdditions.h; sourceTree = "<group>"; };
		5C9E9EAB2A133BB70021684D /* FMDatabasePool.m */ = {isa = PBXFileReference; fileEncoding = 4; lastKnownFileType = sourcecode.c.objc; path = FMDatabasePool.m; sourceTree = "<group>"; };
		5C9E9EAC2A133BB70021684D /* FMResultSet.m */ = {isa = PBXFileReference; fileEncoding = 4; lastKnownFileType = sourcecode.c.objc; path = FMResultSet.m; sourceTree = "<group>"; };
		5C9E9EB42A133C6E0021684D /* SQLiteManager.swift */ = {isa = PBXFileReference; fileEncoding = 4; lastKnownFileType = sourcecode.swift; path = SQLiteManager.swift; sourceTree = "<group>"; };
		5C9E9EB62A133CB80021684D /* Weibo-Bridge.h */ = {isa = PBXFileReference; lastKnownFileType = sourcecode.c.h; path = "Weibo-Bridge.h"; sourceTree = "<group>"; };
		5C9E9EB72A133D320021684D /* libsqlite3.tbd */ = {isa = PBXFileReference; lastKnownFileType = "sourcecode.text-based-dylib-definition"; name = libsqlite3.tbd; path = usr/lib/libsqlite3.tbd; sourceTree = SDKROOT; };
		5C9E9EBB2A133E7B0021684D /* db.sql */ = {isa = PBXFileReference; lastKnownFileType = text; path = db.sql; sourceTree = "<group>"; };
		5C9E9EBD2A146C7D0021684D /* StatusDAL.swift */ = {isa = PBXFileReference; lastKnownFileType = sourcecode.swift; path = StatusDAL.swift; sourceTree = "<group>"; };
		5C9EE0ED29FD35A8009BD4AA /* UserAccountViewModel.swift */ = {isa = PBXFileReference; lastKnownFileType = sourcecode.swift; path = UserAccountViewModel.swift; sourceTree = "<group>"; };
		5CA7CABD29F6E2B000658A68 /* 微博项目练习.app */ = {isa = PBXFileReference; explicitFileType = wrapper.application; includeInIndex = 0; path = "微博项目练习.app"; sourceTree = BUILT_PRODUCTS_DIR; };
		5CA7CAC029F6E2B000658A68 /* AppDelegate.swift */ = {isa = PBXFileReference; lastKnownFileType = sourcecode.swift; path = AppDelegate.swift; sourceTree = "<group>"; };
		5CA7CAC929F6E2B100658A68 /* Assets.xcassets */ = {isa = PBXFileReference; lastKnownFileType = folder.assetcatalog; path = Assets.xcassets; sourceTree = "<group>"; };
		5CA7CACE29F6E2B100658A68 /* Info.plist */ = {isa = PBXFileReference; lastKnownFileType = text.plist.xml; path = Info.plist; sourceTree = "<group>"; };
		5CA7CAD329F6E2B200658A68 /* 微博项目练习Tests.xctest */ = {isa = PBXFileReference; explicitFileType = wrapper.cfbundle; includeInIndex = 0; path = "微博项目练习Tests.xctest"; sourceTree = BUILT_PRODUCTS_DIR; };
		5CA7CAD729F6E2B200658A68 /* ______Tests.swift */ = {isa = PBXFileReference; lastKnownFileType = sourcecode.swift; path = "______Tests.swift"; sourceTree = "<group>"; };
		5CA7CADD29F6E2B200658A68 /* 微博项目练习UITests.xctest */ = {isa = PBXFileReference; explicitFileType = wrapper.cfbundle; includeInIndex = 0; path = "微博项目练习UITests.xctest"; sourceTree = BUILT_PRODUCTS_DIR; };
		5CA7CAE129F6E2B200658A68 /* ______UITests.swift */ = {isa = PBXFileReference; lastKnownFileType = sourcecode.swift; path = "______UITests.swift"; sourceTree = "<group>"; };
		5CA7CAE329F6E2B200658A68 /* ______UITestsLaunchTests.swift */ = {isa = PBXFileReference; lastKnownFileType = sourcecode.swift; path = "______UITestsLaunchTests.swift"; sourceTree = "<group>"; };
		5CA7CAFA29F7734400658A68 /* MainViewController.swift */ = {isa = PBXFileReference; lastKnownFileType = sourcecode.swift; path = MainViewController.swift; sourceTree = "<group>"; };
		5CA7CAFC29F7738600658A68 /* HomeTableViewController.swift */ = {isa = PBXFileReference; lastKnownFileType = sourcecode.swift; path = HomeTableViewController.swift; sourceTree = "<group>"; };
		5CA7CAFE29F7739700658A68 /* MessageTableViewController.swift */ = {isa = PBXFileReference; lastKnownFileType = sourcecode.swift; path = MessageTableViewController.swift; sourceTree = "<group>"; };
		5CA7CB0029F773AF00658A68 /* DiscoverTableViewController.swift */ = {isa = PBXFileReference; lastKnownFileType = sourcecode.swift; path = DiscoverTableViewController.swift; sourceTree = "<group>"; };
		5CA7CB0229F773C100658A68 /* ProfileTableViewController.swift */ = {isa = PBXFileReference; lastKnownFileType = sourcecode.swift; path = ProfileTableViewController.swift; sourceTree = "<group>"; };
		5CA7CB0A29F7C90F00658A68 /* UIButton+Extension.swift */ = {isa = PBXFileReference; lastKnownFileType = sourcecode.swift; path = "UIButton+Extension.swift"; sourceTree = "<group>"; };
		5CA7CB1029F8086800658A68 /* VisitorView.swift */ = {isa = PBXFileReference; lastKnownFileType = sourcecode.swift; path = VisitorView.swift; sourceTree = "<group>"; };
		5CA7CB1629F81A3F00658A68 /* VisitorTableViewController.swift */ = {isa = PBXFileReference; lastKnownFileType = sourcecode.swift; path = VisitorTableViewController.swift; sourceTree = "<group>"; };
		5CA7CB1A29F8C9A200658A68 /* UILabel+Extension.swift */ = {isa = PBXFileReference; lastKnownFileType = sourcecode.swift; path = "UILabel+Extension.swift"; sourceTree = "<group>"; };
		5CA7CB1C29F8CDB600658A68 /* UIImageView.swift */ = {isa = PBXFileReference; lastKnownFileType = sourcecode.swift; path = UIImageView.swift; sourceTree = "<group>"; };
		5CA7CB1E29F8EA3100658A68 /* Common.swift */ = {isa = PBXFileReference; lastKnownFileType = sourcecode.swift; path = Common.swift; sourceTree = "<group>"; };
		5CDA17352A0E3F6A00596DE3 /* PhotoBrowserAnimator.swift */ = {isa = PBXFileReference; lastKnownFileType = sourcecode.swift; path = PhotoBrowserAnimator.swift; sourceTree = "<group>"; };
		5CEDF6B629FB6FBB001E907A /* NetworkTools.swift */ = {isa = PBXFileReference; lastKnownFileType = sourcecode.swift; path = NetworkTools.swift; sourceTree = "<group>"; };
		5CEDF6B929FB7C2C001E907A /* OAuthViewController.swift */ = {isa = PBXFileReference; lastKnownFileType = sourcecode.swift; path = OAuthViewController.swift; sourceTree = "<group>"; };
		5CEDF6BC29FC1470001E907A /* UserAccount.swift */ = {isa = PBXFileReference; lastKnownFileType = sourcecode.swift; path = UserAccount.swift; sourceTree = "<group>"; };
		728D88ED9C7835EB1E895066 /* Pods-微博项目练习.release.xcconfig */ = {isa = PBXFileReference; includeInIndex = 1; lastKnownFileType = text.xcconfig; name = "Pods-微博项目练习.release.xcconfig"; path = "Target Support Files/Pods-微博项目练习/Pods-微博项目练习.release.xcconfig"; sourceTree = "<group>"; };
		81D1D6E53D9ECB4DDDB6907D /* Pods______________UITests.framework */ = {isa = PBXFileReference; explicitFileType = wrapper.framework; includeInIndex = 0; path = "Pods______________UITests.framework"; sourceTree = BUILT_PRODUCTS_DIR; };
		BF676C29FD94B44F9E680596 /* Pods_______Tests.framework */ = {isa = PBXFileReference; explicitFileType = wrapper.framework; includeInIndex = 0; path = "Pods_______Tests.framework"; sourceTree = BUILT_PRODUCTS_DIR; };
		D18A926E5CB7385547A79ADC /* Pods-微博项目练习-微博项目练习UITests.release.xcconfig */ = {isa = PBXFileReference; includeInIndex = 1; lastKnownFileType = text.xcconfig; name = "Pods-微博项目练习-微博项目练习UITests.release.xcconfig"; path = "Target Support Files/Pods-微博项目练习-微博项目练习UITests/Pods-微博项目练习-微博项目练习UITests.release.xcconfig"; sourceTree = "<group>"; };
		D8364EF615A3CB37D160FDD9 /* Pods-微博项目练习.debug.xcconfig */ = {isa = PBXFileReference; includeInIndex = 1; lastKnownFileType = text.xcconfig; name = "Pods-微博项目练习.debug.xcconfig"; path = "Target Support Files/Pods-微博项目练习/Pods-微博项目练习.debug.xcconfig"; sourceTree = "<group>"; };
		D9D0E0AE6CD2C81642BB6496 /* Pods-微博项目练习-微博项目练习UITests.debug.xcconfig */ = {isa = PBXFileReference; includeInIndex = 1; lastKnownFileType = text.xcconfig; name = "Pods-微博项目练习-微博项目练习UITests.debug.xcconfig"; path = "Target Support Files/Pods-微博项目练习-微博项目练习UITests/Pods-微博项目练习-微博项目练习UITests.debug.xcconfig"; sourceTree = "<group>"; };
		E1D4004F87CE9F38FC0E5067 /* Pods_______.framework */ = {isa = PBXFileReference; explicitFileType = wrapper.framework; includeInIndex = 0; path = "Pods_______.framework"; sourceTree = BUILT_PRODUCTS_DIR; };
		EF719952DEA2EEED97104B20 /* Pods-微博项目练习Tests.debug.xcconfig */ = {isa = PBXFileReference; includeInIndex = 1; lastKnownFileType = text.xcconfig; name = "Pods-微博项目练习Tests.debug.xcconfig"; path = "Target Support Files/Pods-微博项目练习Tests/Pods-微博项目练习Tests.debug.xcconfig"; sourceTree = "<group>"; };
/* End PBXFileReference section */

/* Begin PBXFrameworksBuildPhase section */
		5CA7CABA29F6E2B000658A68 /* Frameworks */ = {
			isa = PBXFrameworksBuildPhase;
			buildActionMask = 2147483647;
			files = (
			);
			runOnlyForDeploymentPostprocessing = 0;
		};
		5CA7CAD029F6E2B200658A68 /* Frameworks */ = {
			isa = PBXFrameworksBuildPhase;
			buildActionMask = 2147483647;
			files = (
				F68794687AB0C366B713E0C6 /* Pods_______Tests.framework in Frameworks */,
			);
			runOnlyForDeploymentPostprocessing = 0;
		};
		5CA7CADA29F6E2B200658A68 /* Frameworks */ = {
			isa = PBXFrameworksBuildPhase;
			buildActionMask = 2147483647;
			files = (
				2448E0E5A0A78BB9283ABFB3 /* Pods______________UITests.framework in Frameworks */,
			);
			runOnlyForDeploymentPostprocessing = 0;
		};
/* End PBXFrameworksBuildPhase section */

/* Begin PBXGroup section */
		1F5FD969BCA5E1DB2507602B /* Pods */ = {
			isa = PBXGroup;
			children = (
				D8364EF615A3CB37D160FDD9 /* Pods-微博项目练习.debug.xcconfig */,
				728D88ED9C7835EB1E895066 /* Pods-微博项目练习.release.xcconfig */,
				D9D0E0AE6CD2C81642BB6496 /* Pods-微博项目练习-微博项目练习UITests.debug.xcconfig */,
				D18A926E5CB7385547A79ADC /* Pods-微博项目练习-微博项目练习UITests.release.xcconfig */,
				EF719952DEA2EEED97104B20 /* Pods-微博项目练习Tests.debug.xcconfig */,
				0DE8224F6197CA702665739C /* Pods-微博项目练习Tests.release.xcconfig */,
			);
			path = Pods;
			sourceTree = "<group>";
		};
		5C7F03782A151E6D00428FF8 /* Libs */ = {
			isa = PBXGroup;
			children = (
				5C7F03792A1522F500428FF8 /* QorumLogs.swift */,
			);
			path = Libs;
			sourceTree = "<group>";
		};
		5C8DD0F129FE172200DAD14E /* New Feature(新特性) */ = {
			isa = PBXGroup;
			children = (
				5C8DD0F229FE17F300DAD14E /* NewFeatureViewController.swift */,
				5C8DD0F429FE8C0F00DAD14E /* WelcomeViewController.swift */,
			);
			path = "New Feature(新特性)";
			sourceTree = "<group>";
		};
		5C8DD0FE2A00035200DAD14E /* StatusCell */ = {
			isa = PBXGroup;
			children = (
				5C8DD0FF2A0003B100DAD14E /* StatusCell.swift */,
				5C8DD1092A0292C900DAD14E /* StatusNormalCell.swift */,
				5C8DD1072A02732A00DAD14E /* StatusRetweetedCell.swift */,
				5C8DD1012A00048100DAD14E /* StatusCellTopView.swift */,
				5C8DD1032A0004A600DAD14E /* StatusCellButtomView.swift */,
				5C8DD1052A013B9000DAD14E /* StatusPictureView.swift */,
			);
			path = StatusCell;
			sourceTree = "<group>";
		};
		5C8DD10B2A04AE2100DAD14E /* RefreshView */ = {
			isa = PBXGroup;
			children = (
				5C8DD10C2A04AE6800DAD14E /* WBRefreshedControl.swift */,
				5C8DD10E2A05E37800DAD14E /* WBRefreshView.xib */,
			);
			path = RefreshView;
			sourceTree = "<group>";
		};
		5C8DD2562A09F35700DAD14E /* Compose */ = {
			isa = PBXGroup;
			children = (
				5C8DD2572A09F41C00DAD14E /* ComposeViewController.swift */,
			);
			name = Compose;
			path = "微博项目练习/Classes/View/Compose";
			sourceTree = SOURCE_ROOT;
		};
		5C8DD25D2A0ABE3200DAD14E /* Emoticon（表情键盘） */ = {
			isa = PBXGroup;
			children = (
				5C8DD25E2A0ABE3200DAD14E /* ViewModel */,
				5C8DD2602A0ABE3200DAD14E /* EmoticonView.swift */,
				5C8DD2612A0ABE3200DAD14E /* Emoticons.bundle */,
				5C8DD2622A0ABE3200DAD14E /* EmoticonAttachment.swift */,
				5C8DD2632A0ABE3200DAD14E /* Model */,
				5C8DD2662A0ABE3200DAD14E /* String+Emoji.swift */,
				5C8DD2672A0ABE3200DAD14E /* UITextView+Emoticon.swift */,
			);
			path = "Emoticon（表情键盘）";
			sourceTree = "<group>";
		};
		5C8DD25E2A0ABE3200DAD14E /* ViewModel */ = {
			isa = PBXGroup;
			children = (
				5C8DD25F2A0ABE3200DAD14E /* EmoticonManager.swift */,
			);
			path = ViewModel;
			sourceTree = "<group>";
		};
		5C8DD2632A0ABE3200DAD14E /* Model */ = {
			isa = PBXGroup;
			children = (
				5C8DD2642A0ABE3200DAD14E /* Emoticon.swift */,
				5C8DD2652A0ABE3200DAD14E /* EmoticonPackage.swift */,
			);
			path = Model;
			sourceTree = "<group>";
		};
		5C8DD3102A0BFCBD00DAD14E /* PicturePicker（图片选择） */ = {
			isa = PBXGroup;
			children = (
				5C8DD3112A0BFCBD00DAD14E /* PicturePickerController.swift */,
			);
			path = "PicturePicker（图片选择）";
			sourceTree = "<group>";
		};
		5C8DD3142A0C8F6500DAD14E /* PictureBrowser(照片查看) */ = {
			isa = PBXGroup;
			children = (
				5C8DD3152A0C8FA900DAD14E /* PhotoBrowserViewController.swift */,
				5C8DD3192A0CACC800DAD14E /* PhotoBrowserCell.swift */,
				5CDA17352A0E3F6A00596DE3 /* PhotoBrowserAnimator.swift */,
				5C8DD31B2A0DEA2B00DAD14E /* ProgressimageView.swift */,
			);
			path = "PictureBrowser(照片查看)";
			sourceTree = "<group>";
		};
		5C9E9EA12A133BB70021684D /* fmdb */ = {
			isa = PBXGroup;
			children = (
				5C9E9EA22A133BB70021684D /* FMDatabase.h */,
				5C9E9EA32A133BB70021684D /* FMDatabaseQueue.m */,
				5C9E9EA42A133BB70021684D /* FMResultSet.h */,
				5C9E9EA52A133BB70021684D /* FMDatabasePool.h */,
				5C9E9EA62A133BB70021684D /* FMDatabaseAdditions.m */,
				5C9E9EA72A133BB70021684D /* FMDatabase.m */,
				5C9E9EA82A133BB70021684D /* FMDatabaseQueue.h */,
				5C9E9EA92A133BB70021684D /* FMDB.h */,
				5C9E9EAA2A133BB70021684D /* FMDatabaseAdditions.h */,
				5C9E9EAB2A133BB70021684D /* FMDatabasePool.m */,
				5C9E9EAC2A133BB70021684D /* FMResultSet.m */,
			);
			path = fmdb;
			sourceTree = "<group>";
		};
		5C9E9EB92A133E110021684D /* Resource */ = {
			isa = PBXGroup;
			children = (
				5C9E9EBB2A133E7B0021684D /* db.sql */,
			);
			path = Resource;
			sourceTree = "<group>";
		};
		5CA7CAB429F6E2B000658A68 = {
			isa = PBXGroup;
			children = (
				5CA7CABF29F6E2B000658A68 /* 微博项目练习 */,
				5CA7CAD629F6E2B200658A68 /* 微博项目练习Tests */,
				5CA7CABE29F6E2B000658A68 /* Products */,
				1F5FD969BCA5E1DB2507602B /* Pods */,
				73F7E7081E182E639E325468 /* Frameworks */,
			);
			sourceTree = "<group>";
		};
		5CA7CABE29F6E2B000658A68 /* Products */ = {
			isa = PBXGroup;
			children = (
				5CA7CABD29F6E2B000658A68 /* 微博项目练习.app */,
				5CA7CAD329F6E2B200658A68 /* 微博项目练习Tests.xctest */,
				5CA7CADD29F6E2B200658A68 /* 微博项目练习UITests.xctest */,
			);
			name = Products;
			sourceTree = "<group>";
		};
		5CA7CABF29F6E2B000658A68 /* 微博项目练习 */ = {
			isa = PBXGroup;
			children = (
				5C9E9EB92A133E110021684D /* Resource */,
				5CA7CAF029F7726C00658A68 /* Classes */,
				5CA7CAC029F6E2B000658A68 /* AppDelegate.swift */,
				5C9E9EB62A133CB80021684D /* Weibo-Bridge.h */,
				5CA7CAC929F6E2B100658A68 /* Assets.xcassets */,
				5CA7CACE29F6E2B100658A68 /* Info.plist */,
				5CA7CAE029F6E2B200658A68 /* 微博项目练习UITests */,
			);
			path = "微博项目练习";
			sourceTree = "<group>";
		};
		5CA7CAD629F6E2B200658A68 /* 微博项目练习Tests */ = {
			isa = PBXGroup;
			children = (
				5CA7CAD729F6E2B200658A68 /* ______Tests.swift */,
			);
			path = "微博项目练习Tests";
			sourceTree = "<group>";
		};
		5CA7CAE029F6E2B200658A68 /* 微博项目练习UITests */ = {
			isa = PBXGroup;
			children = (
				5CA7CAE129F6E2B200658A68 /* ______UITests.swift */,
				5CA7CAE329F6E2B200658A68 /* ______UITestsLaunchTests.swift */,
			);
			path = "微博项目练习UITests";
			sourceTree = "<group>";
		};
		5CA7CAF029F7726C00658A68 /* Classes */ = {
			isa = PBXGroup;
			children = (
				5C7F03782A151E6D00428FF8 /* Libs */,
				5CA7CAF329F7726C00658A68 /* View */,
				5CA7CAF129F7726C00658A68 /* Tools */,
				5CA7CAF229F7726C00658A68 /* Model */,
				5CA7CAF929F7726C00658A68 /* View Model */,
			);
			path = Classes;
			sourceTree = "<group>";
		};
		5CA7CAF129F7726C00658A68 /* Tools */ = {
			isa = PBXGroup;
			children = (
				5C9E9EA12A133BB70021684D /* fmdb */,
				5C8DD3142A0C8F6500DAD14E /* PictureBrowser(照片查看) */,
				5C8DD3102A0BFCBD00DAD14E /* PicturePicker（图片选择） */,
				5C8DD25D2A0ABE3200DAD14E /* Emoticon（表情键盘） */,
				5CA7CB0929F7C89900658A68 /* Extension */,
				5CA7CB1E29F8EA3100658A68 /* Common.swift */,
				5CEDF6B629FB6FBB001E907A /* NetworkTools.swift */,
				5C9E9EB42A133C6E0021684D /* SQLiteManager.swift */,
			);
			path = Tools;
			sourceTree = "<group>";
		};
		5CA7CAF229F7726C00658A68 /* Model */ = {
			isa = PBXGroup;
			children = (
				5CEDF6BC29FC1470001E907A /* UserAccount.swift */,
				5C8DD0F629FFB47A00DAD14E /* Status.swift */,
				5C8DD0FA29FFEAF000DAD14E /* User.swift */,
			);
			path = Model;
			sourceTree = "<group>";
		};
		5CA7CAF329F7726C00658A68 /* View */ = {
			isa = PBXGroup;
			children = (
				5C8DD2562A09F35700DAD14E /* Compose */,
				5CEDF6B829FB7BFD001E907A /* OAuth */,
				5CA7CAF829F7726C00658A68 /* Main */,
				5CA7CAF629F7726C00658A68 /* Message */,
				5CA7CAF429F7726C00658A68 /* Home */,
				5CA7CAF529F7726C00658A68 /* Discover */,
				5CA7CAF729F7726C00658A68 /* Profile */,
			);
			path = View;
			sourceTree = "<group>";
		};
		5CA7CAF429F7726C00658A68 /* Home */ = {
			isa = PBXGroup;
			children = (
				5C8DD10B2A04AE2100DAD14E /* RefreshView */,
				5C8DD0FE2A00035200DAD14E /* StatusCell */,
				5CA7CAFC29F7738600658A68 /* HomeTableViewController.swift */,
			);
			path = Home;
			sourceTree = "<group>";
		};
		5CA7CAF529F7726C00658A68 /* Discover */ = {
			isa = PBXGroup;
			children = (
				5CA7CB0029F773AF00658A68 /* DiscoverTableViewController.swift */,
			);
			path = Discover;
			sourceTree = "<group>";
		};
		5CA7CAF629F7726C00658A68 /* Message */ = {
			isa = PBXGroup;
			children = (
				5CA7CAFE29F7739700658A68 /* MessageTableViewController.swift */,
			);
			path = Message;
			sourceTree = "<group>";
		};
		5CA7CAF729F7726C00658A68 /* Profile */ = {
			isa = PBXGroup;
			children = (
				5CA7CB0229F773C100658A68 /* ProfileTableViewController.swift */,
			);
			path = Profile;
			sourceTree = "<group>";
		};
		5CA7CAF829F7726C00658A68 /* Main */ = {
			isa = PBXGroup;
			children = (
				5C8DD0F129FE172200DAD14E /* New Feature(新特性) */,
				5CA7CB0D29F8018200658A68 /* Visitor(访客页面) */,
				5CA7CAFA29F7734400658A68 /* MainViewController.swift */,
			);
			path = Main;
			sourceTree = "<group>";
		};
		5CA7CAF929F7726C00658A68 /* View Model */ = {
			isa = PBXGroup;
			children = (
				5C9EE0ED29FD35A8009BD4AA /* UserAccountViewModel.swift */,
				5C8DD0F829FFDD6B00DAD14E /* StatusListviewModel.swift */,
				5C9E9EBD2A146C7D0021684D /* StatusDAL.swift */,
				5C8DD0FC29FFF62C00DAD14E /* StatusViewModel.swift */,
			);
			path = "View Model";
			sourceTree = "<group>";
		};
		5CA7CB0929F7C89900658A68 /* Extension */ = {
			isa = PBXGroup;
			children = (
				5CA7CB0A29F7C90F00658A68 /* UIButton+Extension.swift */,
				5C7F03F92A15F06E00428FF8 /* String+Regex.swift */,
				5CA7CB1A29F8C9A200658A68 /* UILabel+Extension.swift */,
				5C7F03B92A154F6900428FF8 /* NSDate+Extension.swift */,
				5C8DD30E2A0BFC9600DAD14E /* UIImage+Extension.swift */,
				5CA7CB1C29F8CDB600658A68 /* UIImageView.swift */,
				5C8DD25B2A0A8F2C00DAD14E /* UIBarButtonItem+Extension.swift */,
				5C8DD3172A0CAADA00DAD14E /* UIColor+Extension.swift */,
			);
			path = Extension;
			sourceTree = "<group>";
		};
		5CA7CB0D29F8018200658A68 /* Visitor(访客页面) */ = {
			isa = PBXGroup;
			children = (
				5CA7CB1029F8086800658A68 /* VisitorView.swift */,
				5CA7CB1629F81A3F00658A68 /* VisitorTableViewController.swift */,
			);
			path = "Visitor(访客页面)";
			sourceTree = "<group>";
		};
		5CEDF6B829FB7BFD001E907A /* OAuth */ = {
			isa = PBXGroup;
			children = (
				5CEDF6B929FB7C2C001E907A /* OAuthViewController.swift */,
			);
			path = OAuth;
			sourceTree = "<group>";
		};
		73F7E7081E182E639E325468 /* Frameworks */ = {
			isa = PBXGroup;
			children = (
				5C9E9EB72A133D320021684D /* libsqlite3.tbd */,
				E1D4004F87CE9F38FC0E5067 /* Pods_______.framework */,
				81D1D6E53D9ECB4DDDB6907D /* Pods______________UITests.framework */,
				BF676C29FD94B44F9E680596 /* Pods_______Tests.framework */,
			);
			name = Frameworks;
			sourceTree = "<group>";
		};
/* End PBXGroup section */

/* Begin PBXNativeTarget section */
		5CA7CABC29F6E2B000658A68 /* 微博项目练习 */ = {
			isa = PBXNativeTarget;
			buildConfigurationList = 5CA7CAE729F6E2B200658A68 /* Build configuration list for PBXNativeTarget "微博项目练习" */;
			buildPhases = (
				550382CA344ADACC609671C3 /* [CP] Check Pods Manifest.lock */,
				5CA7CAB929F6E2B000658A68 /* Sources */,
				5CA7CABA29F6E2B000658A68 /* Frameworks */,
				5CA7CABB29F6E2B000658A68 /* Resources */,
				5F35460D7D6A529A9633DF55 /* [CP] Embed Pods Frameworks */,
			);
			buildRules = (
			);
			dependencies = (
			);
			name = "微博项目练习";
			productName = "微博项目练习";
			productReference = 5CA7CABD29F6E2B000658A68 /* 微博项目练习.app */;
			productType = "com.apple.product-type.application";
		};
		5CA7CAD229F6E2B200658A68 /* 微博项目练习Tests */ = {
			isa = PBXNativeTarget;
			buildConfigurationList = 5CA7CAEA29F6E2B200658A68 /* Build configuration list for PBXNativeTarget "微博项目练习Tests" */;
			buildPhases = (
				C36A92DF52B818FBE349CD2B /* [CP] Check Pods Manifest.lock */,
				5CA7CACF29F6E2B200658A68 /* Sources */,
				5CA7CAD029F6E2B200658A68 /* Frameworks */,
				5CA7CAD129F6E2B200658A68 /* Resources */,
			);
			buildRules = (
			);
			dependencies = (
				5CA7CAD529F6E2B200658A68 /* PBXTargetDependency */,
			);
			name = "微博项目练习Tests";
			productName = "微博项目练习Tests";
			productReference = 5CA7CAD329F6E2B200658A68 /* 微博项目练习Tests.xctest */;
			productType = "com.apple.product-type.bundle.unit-test";
		};
		5CA7CADC29F6E2B200658A68 /* 微博项目练习UITests */ = {
			isa = PBXNativeTarget;
			buildConfigurationList = 5CA7CAED29F6E2B200658A68 /* Build configuration list for PBXNativeTarget "微博项目练习UITests" */;
			buildPhases = (
				C9CCA1BBE941F47A3AE89E78 /* [CP] Check Pods Manifest.lock */,
				5CA7CAD929F6E2B200658A68 /* Sources */,
				5CA7CADA29F6E2B200658A68 /* Frameworks */,
				5CA7CADB29F6E2B200658A68 /* Resources */,
				5515EB3075F11646FA818C52 /* [CP] Embed Pods Frameworks */,
			);
			buildRules = (
			);
			dependencies = (
				5CA7CADF29F6E2B200658A68 /* PBXTargetDependency */,
			);
			name = "微博项目练习UITests";
			productName = "微博项目练习UITests";
			productReference = 5CA7CADD29F6E2B200658A68 /* 微博项目练习UITests.xctest */;
			productType = "com.apple.product-type.bundle.ui-testing";
		};
/* End PBXNativeTarget section */

/* Begin PBXProject section */
		5CA7CAB529F6E2B000658A68 /* Project object */ = {
			isa = PBXProject;
			attributes = {
				BuildIndependentTargetsInParallel = 1;
				LastSwiftUpdateCheck = 1430;
				LastUpgradeCheck = 1430;
				TargetAttributes = {
					5CA7CABC29F6E2B000658A68 = {
						CreatedOnToolsVersion = 14.3;
					};
					5CA7CAD229F6E2B200658A68 = {
						CreatedOnToolsVersion = 14.3;
						TestTargetID = 5CA7CABC29F6E2B000658A68;
					};
					5CA7CADC29F6E2B200658A68 = {
						CreatedOnToolsVersion = 14.3;
						TestTargetID = 5CA7CABC29F6E2B000658A68;
					};
				};
			};
			buildConfigurationList = 5CA7CAB829F6E2B000658A68 /* Build configuration list for PBXProject "微博项目练习" */;
			compatibilityVersion = "Xcode 14.0";
			developmentRegion = en;
			hasScannedForEncodings = 0;
			knownRegions = (
				en,
				Base,
			);
			mainGroup = 5CA7CAB429F6E2B000658A68;
			productRefGroup = 5CA7CABE29F6E2B000658A68 /* Products */;
			projectDirPath = "";
			projectRoot = "";
			targets = (
				5CA7CABC29F6E2B000658A68 /* 微博项目练习 */,
				5CA7CAD229F6E2B200658A68 /* 微博项目练习Tests */,
				5CA7CADC29F6E2B200658A68 /* 微博项目练习UITests */,
			);
		};
/* End PBXProject section */

/* Begin PBXResourcesBuildPhase section */
		5CA7CABB29F6E2B000658A68 /* Resources */ = {
			isa = PBXResourcesBuildPhase;
			buildActionMask = 2147483647;
			files = (
				5CA7CACA29F6E2B100658A68 /* Assets.xcassets in Resources */,
				5C8DD26A2A0ABE3200DAD14E /* Emoticons.bundle in Resources */,
				5C9E9EBC2A133E7B0021684D /* db.sql in Resources */,
				5C8DD10F2A05E37800DAD14E /* WBRefreshView.xib in Resources */,
			);
			runOnlyForDeploymentPostprocessing = 0;
		};
		5CA7CAD129F6E2B200658A68 /* Resources */ = {
			isa = PBXResourcesBuildPhase;
			buildActionMask = 2147483647;
			files = (
			);
			runOnlyForDeploymentPostprocessing = 0;
		};
		5CA7CADB29F6E2B200658A68 /* Resources */ = {
			isa = PBXResourcesBuildPhase;
			buildActionMask = 2147483647;
			files = (
			);
			runOnlyForDeploymentPostprocessing = 0;
		};
/* End PBXResourcesBuildPhase section */

/* Begin PBXShellScriptBuildPhase section */
		550382CA344ADACC609671C3 /* [CP] Check Pods Manifest.lock */ = {
			isa = PBXShellScriptBuildPhase;
			buildActionMask = 2147483647;
			files = (
			);
			inputFileListPaths = (
			);
			inputPaths = (
				"${PODS_PODFILE_DIR_PATH}/Podfile.lock",
				"${PODS_ROOT}/Manifest.lock",
			);
			name = "[CP] Check Pods Manifest.lock";
			outputFileListPaths = (
			);
			outputPaths = (
				"$(DERIVED_FILE_DIR)/Pods-微博项目练习-checkManifestLockResult.txt",
			);
			runOnlyForDeploymentPostprocessing = 0;
			shellPath = /bin/sh;
			shellScript = "diff \"${PODS_PODFILE_DIR_PATH}/Podfile.lock\" \"${PODS_ROOT}/Manifest.lock\" > /dev/null\nif [ $? != 0 ] ; then\n    # print error to STDERR\n    echo \"error: The sandbox is not in sync with the Podfile.lock. Run 'pod install' or update your CocoaPods installation.\" >&2\n    exit 1\nfi\n# This output is used by Xcode 'outputs' to avoid re-running this script phase.\necho \"SUCCESS\" > \"${SCRIPT_OUTPUT_FILE_0}\"\n";
			showEnvVarsInLog = 0;
		};
		5515EB3075F11646FA818C52 /* [CP] Embed Pods Frameworks */ = {
			isa = PBXShellScriptBuildPhase;
			buildActionMask = 2147483647;
			files = (
			);
			inputFileListPaths = (
				"${PODS_ROOT}/Target Support Files/Pods-微博项目练习-微博项目练习UITests/Pods-微博项目练习-微博项目练习UITests-frameworks-${CONFIGURATION}-input-files.xcfilelist",
			);
			name = "[CP] Embed Pods Frameworks";
			outputFileListPaths = (
				"${PODS_ROOT}/Target Support Files/Pods-微博项目练习-微博项目练习UITests/Pods-微博项目练习-微博项目练习UITests-frameworks-${CONFIGURATION}-output-files.xcfilelist",
			);
			runOnlyForDeploymentPostprocessing = 0;
			shellPath = /bin/sh;
			shellScript = "\"${PODS_ROOT}/Target Support Files/Pods-微博项目练习-微博项目练习UITests/Pods-微博项目练习-微博项目练习UITests-frameworks.sh\"\n";
			showEnvVarsInLog = 0;
		};
		5F35460D7D6A529A9633DF55 /* [CP] Embed Pods Frameworks */ = {
			isa = PBXShellScriptBuildPhase;
			buildActionMask = 2147483647;
			files = (
			);
			inputFileListPaths = (
				"${PODS_ROOT}/Target Support Files/Pods-微博项目练习/Pods-微博项目练习-frameworks-${CONFIGURATION}-input-files.xcfilelist",
			);
			name = "[CP] Embed Pods Frameworks";
			outputFileListPaths = (
				"${PODS_ROOT}/Target Support Files/Pods-微博项目练习/Pods-微博项目练习-frameworks-${CONFIGURATION}-output-files.xcfilelist",
			);
			runOnlyForDeploymentPostprocessing = 0;
			shellPath = /bin/sh;
			shellScript = "\"${PODS_ROOT}/Target Support Files/Pods-微博项目练习/Pods-微博项目练习-frameworks.sh\"\n";
			showEnvVarsInLog = 0;
		};
		C36A92DF52B818FBE349CD2B /* [CP] Check Pods Manifest.lock */ = {
			isa = PBXShellScriptBuildPhase;
			buildActionMask = 2147483647;
			files = (
			);
			inputFileListPaths = (
			);
			inputPaths = (
				"${PODS_PODFILE_DIR_PATH}/Podfile.lock",
				"${PODS_ROOT}/Manifest.lock",
			);
			name = "[CP] Check Pods Manifest.lock";
			outputFileListPaths = (
			);
			outputPaths = (
				"$(DERIVED_FILE_DIR)/Pods-微博项目练习Tests-checkManifestLockResult.txt",
			);
			runOnlyForDeploymentPostprocessing = 0;
			shellPath = /bin/sh;
			shellScript = "diff \"${PODS_PODFILE_DIR_PATH}/Podfile.lock\" \"${PODS_ROOT}/Manifest.lock\" > /dev/null\nif [ $? != 0 ] ; then\n    # print error to STDERR\n    echo \"error: The sandbox is not in sync with the Podfile.lock. Run 'pod install' or update your CocoaPods installation.\" >&2\n    exit 1\nfi\n# This output is used by Xcode 'outputs' to avoid re-running this script phase.\necho \"SUCCESS\" > \"${SCRIPT_OUTPUT_FILE_0}\"\n";
			showEnvVarsInLog = 0;
		};
		C9CCA1BBE941F47A3AE89E78 /* [CP] Check Pods Manifest.lock */ = {
			isa = PBXShellScriptBuildPhase;
			buildActionMask = 2147483647;
			files = (
			);
			inputFileListPaths = (
			);
			inputPaths = (
				"${PODS_PODFILE_DIR_PATH}/Podfile.lock",
				"${PODS_ROOT}/Manifest.lock",
			);
			name = "[CP] Check Pods Manifest.lock";
			outputFileListPaths = (
			);
			outputPaths = (
				"$(DERIVED_FILE_DIR)/Pods-微博项目练习-微博项目练习UITests-checkManifestLockResult.txt",
			);
			runOnlyForDeploymentPostprocessing = 0;
			shellPath = /bin/sh;
			shellScript = "diff \"${PODS_PODFILE_DIR_PATH}/Podfile.lock\" \"${PODS_ROOT}/Manifest.lock\" > /dev/null\nif [ $? != 0 ] ; then\n    # print error to STDERR\n    echo \"error: The sandbox is not in sync with the Podfile.lock. Run 'pod install' or update your CocoaPods installation.\" >&2\n    exit 1\nfi\n# This output is used by Xcode 'outputs' to avoid re-running this script phase.\necho \"SUCCESS\" > \"${SCRIPT_OUTPUT_FILE_0}\"\n";
			showEnvVarsInLog = 0;
		};
/* End PBXShellScriptBuildPhase section */

/* Begin PBXSourcesBuildPhase section */
		5CA7CAB929F6E2B000658A68 /* Sources */ = {
			isa = PBXSourcesBuildPhase;
			buildActionMask = 2147483647;
			files = (
				5C8DD30F2A0BFC9700DAD14E /* UIImage+Extension.swift in Sources */,
				5C8DD0F929FFDD6B00DAD14E /* StatusListviewModel.swift in Sources */,
				5C7F037A2A1522F500428FF8 /* QorumLogs.swift in Sources */,
				5C9E9EAF2A133BB70021684D /* FMDatabaseAdditions.m in Sources */,
				5CEDF6BA29FB7C2C001E907A /* OAuthViewController.swift in Sources */,
				5C8DD26D2A0ABE3200DAD14E /* EmoticonPackage.swift in Sources */,
				5CA7CB0329F773C100658A68 /* ProfileTableViewController.swift in Sources */,
				5C9E9EB52A133C6E0021684D /* SQLiteManager.swift in Sources */,
				5CA7CAFD29F7738600658A68 /* HomeTableViewController.swift in Sources */,
				5C8DD26F2A0ABE3200DAD14E /* UITextView+Emoticon.swift in Sources */,
				5CA7CB1B29F8C9A200658A68 /* UILabel+Extension.swift in Sources */,
				5C8DD0F329FE17F300DAD14E /* NewFeatureViewController.swift in Sources */,
				5C7F03BA2A154F6900428FF8 /* NSDate+Extension.swift in Sources */,
				5C9E9EBE2A146C7D0021684D /* StatusDAL.swift in Sources */,
				5C8DD26C2A0ABE3200DAD14E /* Emoticon.swift in Sources */,
				5C9E9EB12A133BB70021684D /* FMDatabasePool.m in Sources */,
				5CA7CAC129F6E2B000658A68 /* AppDelegate.swift in Sources */,
				5CA7CB1F29F8EA3100658A68 /* Common.swift in Sources */,
				5CA7CAFF29F7739700658A68 /* MessageTableViewController.swift in Sources */,
				5C8DD2682A0ABE3200DAD14E /* EmoticonManager.swift in Sources */,
				5C9E9EB02A133BB70021684D /* FMDatabase.m in Sources */,
				5C8DD3122A0BFCBD00DAD14E /* PicturePickerController.swift in Sources */,
				5CA7CB0129F773AF00658A68 /* DiscoverTableViewController.swift in Sources */,
				5C8DD10A2A0292C900DAD14E /* StatusNormalCell.swift in Sources */,
				5CDA17362A0E3F6A00596DE3 /* PhotoBrowserAnimator.swift in Sources */,
				5C8DD26E2A0ABE3200DAD14E /* String+Emoji.swift in Sources */,
				5C8DD0F529FE8C0F00DAD14E /* WelcomeViewController.swift in Sources */,
				5C8DD10D2A04AE6800DAD14E /* WBRefreshedControl.swift in Sources */,
				5C8DD1042A0004A600DAD14E /* StatusCellButtomView.swift in Sources */,
				5C8DD3182A0CAADA00DAD14E /* UIColor+Extension.swift in Sources */,
				5CA7CB1D29F8CDB600658A68 /* UIImageView.swift in Sources */,
				5C8DD2582A09F41C00DAD14E /* ComposeViewController.swift in Sources */,
				5CA7CB1129F8086800658A68 /* VisitorView.swift in Sources */,
				5CA7CB1729F81A3F00658A68 /* VisitorTableViewController.swift in Sources */,
				5C8DD25C2A0A8F2C00DAD14E /* UIBarButtonItem+Extension.swift in Sources */,
				5CA7CAFB29F7734400658A68 /* MainViewController.swift in Sources */,
				5CEDF6B729FB6FBB001E907A /* NetworkTools.swift in Sources */,
				5C9EE0EE29FD35A8009BD4AA /* UserAccountViewModel.swift in Sources */,
				5C8DD1002A0003B100DAD14E /* StatusCell.swift in Sources */,
				5CA7CB0B29F7C90F00658A68 /* UIButton+Extension.swift in Sources */,
				5C8DD0FD29FFF62C00DAD14E /* StatusViewModel.swift in Sources */,
				5C8DD1062A013B9000DAD14E /* StatusPictureView.swift in Sources */,
				5C9E9EAE2A133BB70021684D /* FMDatabaseQueue.m in Sources */,
				5C8DD1022A00048100DAD14E /* StatusCellTopView.swift in Sources */,
				5C8DD2692A0ABE3200DAD14E /* EmoticonView.swift in Sources */,
				5C8DD1082A02732A00DAD14E /* StatusRetweetedCell.swift in Sources */,
				5C7F03FA2A15F06E00428FF8 /* String+Regex.swift in Sources */,
				5C8DD31C2A0DEA2B00DAD14E /* ProgressimageView.swift in Sources */,
				5C8DD0F729FFB47A00DAD14E /* Status.swift in Sources */,
				5C9E9EB22A133BB70021684D /* FMResultSet.m in Sources */,
				5C8DD3162A0C8FA900DAD14E /* PhotoBrowserViewController.swift in Sources */,
				5CEDF6BD29FC1470001E907A /* UserAccount.swift in Sources */,
				5C8DD31A2A0CACC800DAD14E /* PhotoBrowserCell.swift in Sources */,
				5C8DD26B2A0ABE3200DAD14E /* EmoticonAttachment.swift in Sources */,
				5C8DD0FB29FFEAF000DAD14E /* User.swift in Sources */,
			);
			runOnlyForDeploymentPostprocessing = 0;
		};
		5CA7CACF29F6E2B200658A68 /* Sources */ = {
			isa = PBXSourcesBuildPhase;
			buildActionMask = 2147483647;
			files = (
				5CA7CAD829F6E2B200658A68 /* ______Tests.swift in Sources */,
			);
			runOnlyForDeploymentPostprocessing = 0;
		};
		5CA7CAD929F6E2B200658A68 /* Sources */ = {
			isa = PBXSourcesBuildPhase;
			buildActionMask = 2147483647;
			files = (
				5CA7CAE429F6E2B200658A68 /* ______UITestsLaunchTests.swift in Sources */,
				5CA7CAE229F6E2B200658A68 /* ______UITests.swift in Sources */,
			);
			runOnlyForDeploymentPostprocessing = 0;
		};
/* End PBXSourcesBuildPhase section */

/* Begin PBXTargetDependency section */
		5CA7CAD529F6E2B200658A68 /* PBXTargetDependency */ = {
			isa = PBXTargetDependency;
			target = 5CA7CABC29F6E2B000658A68 /* 微博项目练习 */;
			targetProxy = 5CA7CAD429F6E2B200658A68 /* PBXContainerItemProxy */;
		};
		5CA7CADF29F6E2B200658A68 /* PBXTargetDependency */ = {
			isa = PBXTargetDependency;
			target = 5CA7CABC29F6E2B000658A68 /* 微博项目练习 */;
			targetProxy = 5CA7CADE29F6E2B200658A68 /* PBXContainerItemProxy */;
		};
/* End PBXTargetDependency section */

/* Begin XCBuildConfiguration section */
		5CA7CAE529F6E2B200658A68 /* Debug */ = {
			isa = XCBuildConfiguration;
			buildSettings = {
				ALWAYS_SEARCH_USER_PATHS = NO;
				CLANG_ANALYZER_NONNULL = YES;
				CLANG_ANALYZER_NUMBER_OBJECT_CONVERSION = YES_AGGRESSIVE;
				CLANG_CXX_LANGUAGE_STANDARD = "gnu++20";
				CLANG_ENABLE_MODULES = YES;
				CLANG_ENABLE_OBJC_ARC = YES;
				CLANG_ENABLE_OBJC_WEAK = YES;
				CLANG_WARN_BLOCK_CAPTURE_AUTORELEASING = YES;
				CLANG_WARN_BOOL_CONVERSION = YES;
				CLANG_WARN_COMMA = YES;
				CLANG_WARN_CONSTANT_CONVERSION = YES;
				CLANG_WARN_DEPRECATED_OBJC_IMPLEMENTATIONS = YES;
				CLANG_WARN_DIRECT_OBJC_ISA_USAGE = YES_ERROR;
				CLANG_WARN_DOCUMENTATION_COMMENTS = YES;
				CLANG_WARN_EMPTY_BODY = YES;
				CLANG_WARN_ENUM_CONVERSION = YES;
				CLANG_WARN_INFINITE_RECURSION = YES;
				CLANG_WARN_INT_CONVERSION = YES;
				CLANG_WARN_NON_LITERAL_NULL_CONVERSION = YES;
				CLANG_WARN_OBJC_IMPLICIT_RETAIN_SELF = YES;
				CLANG_WARN_OBJC_LITERAL_CONVERSION = YES;
				CLANG_WARN_OBJC_ROOT_CLASS = YES_ERROR;
				CLANG_WARN_QUOTED_INCLUDE_IN_FRAMEWORK_HEADER = YES;
				CLANG_WARN_RANGE_LOOP_ANALYSIS = YES;
				CLANG_WARN_STRICT_PROTOTYPES = YES;
				CLANG_WARN_SUSPICIOUS_MOVE = YES;
				CLANG_WARN_UNGUARDED_AVAILABILITY = YES_AGGRESSIVE;
				CLANG_WARN_UNREACHABLE_CODE = YES;
				CLANG_WARN__DUPLICATE_METHOD_MATCH = YES;
				COPY_PHASE_STRIP = NO;
				DEBUG_INFORMATION_FORMAT = dwarf;
				ENABLE_STRICT_OBJC_MSGSEND = YES;
				ENABLE_TESTABILITY = YES;
				GCC_C_LANGUAGE_STANDARD = gnu11;
				GCC_DYNAMIC_NO_PIC = NO;
				GCC_NO_COMMON_BLOCKS = YES;
				GCC_OPTIMIZATION_LEVEL = 0;
				GCC_PREPROCESSOR_DEFINITIONS = (
					"DEBUG=1",
					"$(inherited)",
				);
				GCC_WARN_64_TO_32_BIT_CONVERSION = YES;
				GCC_WARN_ABOUT_RETURN_TYPE = YES_ERROR;
				GCC_WARN_UNDECLARED_SELECTOR = YES;
				GCC_WARN_UNINITIALIZED_AUTOS = YES_AGGRESSIVE;
				GCC_WARN_UNUSED_FUNCTION = YES;
				GCC_WARN_UNUSED_VARIABLE = YES;
				IPHONEOS_DEPLOYMENT_TARGET = 16.4;
				MTL_ENABLE_DEBUG_INFO = INCLUDE_SOURCE;
				MTL_FAST_MATH = YES;
				ONLY_ACTIVE_ARCH = YES;
				SDKROOT = iphoneos;
				SWIFT_ACTIVE_COMPILATION_CONDITIONS = DEBUG;
				SWIFT_OPTIMIZATION_LEVEL = "-Onone";
			};
			name = Debug;
		};
		5CA7CAE629F6E2B200658A68 /* Release */ = {
			isa = XCBuildConfiguration;
			buildSettings = {
				ALWAYS_SEARCH_USER_PATHS = NO;
				CLANG_ANALYZER_NONNULL = YES;
				CLANG_ANALYZER_NUMBER_OBJECT_CONVERSION = YES_AGGRESSIVE;
				CLANG_CXX_LANGUAGE_STANDARD = "gnu++20";
				CLANG_ENABLE_MODULES = YES;
				CLANG_ENABLE_OBJC_ARC = YES;
				CLANG_ENABLE_OBJC_WEAK = YES;
				CLANG_WARN_BLOCK_CAPTURE_AUTORELEASING = YES;
				CLANG_WARN_BOOL_CONVERSION = YES;
				CLANG_WARN_COMMA = YES;
				CLANG_WARN_CONSTANT_CONVERSION = YES;
				CLANG_WARN_DEPRECATED_OBJC_IMPLEMENTATIONS = YES;
				CLANG_WARN_DIRECT_OBJC_ISA_USAGE = YES_ERROR;
				CLANG_WARN_DOCUMENTATION_COMMENTS = YES;
				CLANG_WARN_EMPTY_BODY = YES;
				CLANG_WARN_ENUM_CONVERSION = YES;
				CLANG_WARN_INFINITE_RECURSION = YES;
				CLANG_WARN_INT_CONVERSION = YES;
				CLANG_WARN_NON_LITERAL_NULL_CONVERSION = YES;
				CLANG_WARN_OBJC_IMPLICIT_RETAIN_SELF = YES;
				CLANG_WARN_OBJC_LITERAL_CONVERSION = YES;
				CLANG_WARN_OBJC_ROOT_CLASS = YES_ERROR;
				CLANG_WARN_QUOTED_INCLUDE_IN_FRAMEWORK_HEADER = YES;
				CLANG_WARN_RANGE_LOOP_ANALYSIS = YES;
				CLANG_WARN_STRICT_PROTOTYPES = YES;
				CLANG_WARN_SUSPICIOUS_MOVE = YES;
				CLANG_WARN_UNGUARDED_AVAILABILITY = YES_AGGRESSIVE;
				CLANG_WARN_UNREACHABLE_CODE = YES;
				CLANG_WARN__DUPLICATE_METHOD_MATCH = YES;
				COPY_PHASE_STRIP = NO;
				DEBUG_INFORMATION_FORMAT = "dwarf-with-dsym";
				ENABLE_NS_ASSERTIONS = NO;
				ENABLE_STRICT_OBJC_MSGSEND = YES;
				GCC_C_LANGUAGE_STANDARD = gnu11;
				GCC_NO_COMMON_BLOCKS = YES;
				GCC_WARN_64_TO_32_BIT_CONVERSION = YES;
				GCC_WARN_ABOUT_RETURN_TYPE = YES_ERROR;
				GCC_WARN_UNDECLARED_SELECTOR = YES;
				GCC_WARN_UNINITIALIZED_AUTOS = YES_AGGRESSIVE;
				GCC_WARN_UNUSED_FUNCTION = YES;
				GCC_WARN_UNUSED_VARIABLE = YES;
				IPHONEOS_DEPLOYMENT_TARGET = 16.4;
				MTL_ENABLE_DEBUG_INFO = NO;
				MTL_FAST_MATH = YES;
				SDKROOT = iphoneos;
				SWIFT_COMPILATION_MODE = wholemodule;
				SWIFT_OPTIMIZATION_LEVEL = "-O";
				VALIDATE_PRODUCT = YES;
			};
			name = Release;
		};
		5CA7CAE829F6E2B200658A68 /* Debug */ = {
			isa = XCBuildConfiguration;
			baseConfigurationReference = D8364EF615A3CB37D160FDD9 /* Pods-微博项目练习.debug.xcconfig */;
			buildSettings = {
				ASSETCATALOG_COMPILER_APPICON_NAME = AppIcon;
				ASSETCATALOG_COMPILER_GLOBAL_ACCENT_COLOR_NAME = AccentColor;
				CODE_SIGN_STYLE = Automatic;
				CURRENT_PROJECT_VERSION = 1;
				GENERATE_INFOPLIST_FILE = YES;
				INFOPLIST_FILE = "微博项目练习/Info.plist";
				INFOPLIST_KEY_CFBundleDisplayName = "";
				INFOPLIST_KEY_LSApplicationCategoryType = "";
				INFOPLIST_KEY_UIApplicationSupportsIndirectInputEvents = YES;
				INFOPLIST_KEY_UILaunchStoryboardName = LaunchScreen;
				INFOPLIST_KEY_UISupportedInterfaceOrientations_iPad = "UIInterfaceOrientationPortrait UIInterfaceOrientationPortraitUpsideDown UIInterfaceOrientationLandscapeLeft UIInterfaceOrientationLandscapeRight";
				INFOPLIST_KEY_UISupportedInterfaceOrientations_iPhone = "UIInterfaceOrientationPortrait UIInterfaceOrientationLandscapeLeft UIInterfaceOrientationLandscapeRight";
				IPHONEOS_DEPLOYMENT_TARGET = 11.0;
				LD_RUNPATH_SEARCH_PATHS = (
					"$(inherited)",
					"@executable_path/Frameworks",
				);
				MARKETING_VERSION = 1.2;
				PRODUCT_BUNDLE_IDENTIFIER = "com.feiyu.test.------";
				PRODUCT_NAME = "$(TARGET_NAME)";
				SWIFT_EMIT_LOC_STRINGS = YES;
				SWIFT_OBJC_BRIDGING_HEADER = "微博项目练习/Weibo-Bridge.h";
				SWIFT_VERSION = 5.0;
				TARGETED_DEVICE_FAMILY = "1,2";
			};
			name = Debug;
		};
		5CA7CAE929F6E2B200658A68 /* Release */ = {
			isa = XCBuildConfiguration;
			baseConfigurationReference = 728D88ED9C7835EB1E895066 /* Pods-微博项目练习.release.xcconfig */;
			buildSettings = {
				ASSETCATALOG_COMPILER_APPICON_NAME = AppIcon;
				ASSETCATALOG_COMPILER_GLOBAL_ACCENT_COLOR_NAME = AccentColor;
				CODE_SIGN_STYLE = Automatic;
				CURRENT_PROJECT_VERSION = 1;
				GENERATE_INFOPLIST_FILE = YES;
				INFOPLIST_FILE = "微博项目练习/Info.plist";
				INFOPLIST_KEY_CFBundleDisplayName = "";
				INFOPLIST_KEY_LSApplicationCategoryType = "";
				INFOPLIST_KEY_UIApplicationSupportsIndirectInputEvents = YES;
				INFOPLIST_KEY_UILaunchStoryboardName = LaunchScreen;
				INFOPLIST_KEY_UISupportedInterfaceOrientations_iPad = "UIInterfaceOrientationPortrait UIInterfaceOrientationPortraitUpsideDown UIInterfaceOrientationLandscapeLeft UIInterfaceOrientationLandscapeRight";
				INFOPLIST_KEY_UISupportedInterfaceOrientations_iPhone = "UIInterfaceOrientationPortrait UIInterfaceOrientationLandscapeLeft UIInterfaceOrientationLandscapeRight";
				IPHONEOS_DEPLOYMENT_TARGET = 11.0;
				LD_RUNPATH_SEARCH_PATHS = (
					"$(inherited)",
					"@executable_path/Frameworks",
				);
				MARKETING_VERSION = 1.2;
				PRODUCT_BUNDLE_IDENTIFIER = "com.feiyu.test.------";
				PRODUCT_NAME = "$(TARGET_NAME)";
				SWIFT_EMIT_LOC_STRINGS = YES;
				SWIFT_OBJC_BRIDGING_HEADER = "微博项目练习/Weibo-Bridge.h";
				SWIFT_VERSION = 5.0;
				TARGETED_DEVICE_FAMILY = "1,2";
			};
			name = Release;
		};
		5CA7CAEB29F6E2B200658A68 /* Debug */ = {
			isa = XCBuildConfiguration;
			baseConfigurationReference = EF719952DEA2EEED97104B20 /* Pods-微博项目练习Tests.debug.xcconfig */;
			buildSettings = {
				ALWAYS_EMBED_SWIFT_STANDARD_LIBRARIES = YES;
				BUNDLE_LOADER = "$(TEST_HOST)";
				CODE_SIGN_STYLE = Automatic;
				CURRENT_PROJECT_VERSION = 1;
				GENERATE_INFOPLIST_FILE = YES;
				IPHONEOS_DEPLOYMENT_TARGET = 16.4;
				MARKETING_VERSION = 1.0;
				PRODUCT_BUNDLE_IDENTIFIER = "com.feiyu.test.------Tests";
				PRODUCT_NAME = "$(TARGET_NAME)";
				SWIFT_EMIT_LOC_STRINGS = NO;
				SWIFT_VERSION = 5.0;
				TARGETED_DEVICE_FAMILY = "1,2";
				TEST_HOST = "$(BUILT_PRODUCTS_DIR)/微博项目练习.app/$(BUNDLE_EXECUTABLE_FOLDER_PATH)/微博项目练习";
			};
			name = Debug;
		};
		5CA7CAEC29F6E2B200658A68 /* Release */ = {
			isa = XCBuildConfiguration;
			baseConfigurationReference = 0DE8224F6197CA702665739C /* Pods-微博项目练习Tests.release.xcconfig */;
			buildSettings = {
				ALWAYS_EMBED_SWIFT_STANDARD_LIBRARIES = YES;
				BUNDLE_LOADER = "$(TEST_HOST)";
				CODE_SIGN_STYLE = Automatic;
				CURRENT_PROJECT_VERSION = 1;
				GENERATE_INFOPLIST_FILE = YES;
				IPHONEOS_DEPLOYMENT_TARGET = 16.4;
				MARKETING_VERSION = 1.0;
				PRODUCT_BUNDLE_IDENTIFIER = "com.feiyu.test.------Tests";
				PRODUCT_NAME = "$(TARGET_NAME)";
				SWIFT_EMIT_LOC_STRINGS = NO;
				SWIFT_VERSION = 5.0;
				TARGETED_DEVICE_FAMILY = "1,2";
				TEST_HOST = "$(BUILT_PRODUCTS_DIR)/微博项目练习.app/$(BUNDLE_EXECUTABLE_FOLDER_PATH)/微博项目练习";
			};
			name = Release;
		};
		5CA7CAEE29F6E2B200658A68 /* Debug */ = {
			isa = XCBuildConfiguration;
			baseConfigurationReference = D9D0E0AE6CD2C81642BB6496 /* Pods-微博项目练习-微博项目练习UITests.debug.xcconfig */;
			buildSettings = {
				ALWAYS_EMBED_SWIFT_STANDARD_LIBRARIES = YES;
				CODE_SIGN_STYLE = Automatic;
				CURRENT_PROJECT_VERSION = 1;
				GENERATE_INFOPLIST_FILE = YES;
				MARKETING_VERSION = 1.0;
				PRODUCT_BUNDLE_IDENTIFIER = "com.feiyu.test.------UITests";
				PRODUCT_NAME = "$(TARGET_NAME)";
				SWIFT_EMIT_LOC_STRINGS = NO;
				SWIFT_VERSION = 5.0;
				TARGETED_DEVICE_FAMILY = "1,2";
				TEST_TARGET_NAME = "微博项目练习";
			};
			name = Debug;
		};
		5CA7CAEF29F6E2B200658A68 /* Release */ = {
			isa = XCBuildConfiguration;
			baseConfigurationReference = D18A926E5CB7385547A79ADC /* Pods-微博项目练习-微博项目练习UITests.release.xcconfig */;
			buildSettings = {
				ALWAYS_EMBED_SWIFT_STANDARD_LIBRARIES = YES;
				CODE_SIGN_STYLE = Automatic;
				CURRENT_PROJECT_VERSION = 1;
				GENERATE_INFOPLIST_FILE = YES;
				MARKETING_VERSION = 1.0;
				PRODUCT_BUNDLE_IDENTIFIER = "com.feiyu.test.------UITests";
				PRODUCT_NAME = "$(TARGET_NAME)";
				SWIFT_EMIT_LOC_STRINGS = NO;
				SWIFT_VERSION = 5.0;
				TARGETED_DEVICE_FAMILY = "1,2";
				TEST_TARGET_NAME = "微博项目练习";
			};
			name = Release;
		};
/* End XCBuildConfiguration section */

/* Begin XCConfigurationList section */
		5CA7CAB829F6E2B000658A68 /* Build configuration list for PBXProject "微博项目练习" */ = {
			isa = XCConfigurationList;
			buildConfigurations = (
				5CA7CAE529F6E2B200658A68 /* Debug */,
				5CA7CAE629F6E2B200658A68 /* Release */,
			);
			defaultConfigurationIsVisible = 0;
			defaultConfigurationName = Release;
		};
		5CA7CAE729F6E2B200658A68 /* Build configuration list for PBXNativeTarget "微博项目练习" */ = {
			isa = XCConfigurationList;
			buildConfigurations = (
				5CA7CAE829F6E2B200658A68 /* Debug */,
				5CA7CAE929F6E2B200658A68 /* Release */,
			);
			defaultConfigurationIsVisible = 0;
			defaultConfigurationName = Release;
		};
		5CA7CAEA29F6E2B200658A68 /* Build configuration list for PBXNativeTarget "微博项目练习Tests" */ = {
			isa = XCConfigurationList;
			buildConfigurations = (
				5CA7CAEB29F6E2B200658A68 /* Debug */,
				5CA7CAEC29F6E2B200658A68 /* Release */,
			);
			defaultConfigurationIsVisible = 0;
			defaultConfigurationName = Release;
		};
		5CA7CAED29F6E2B200658A68 /* Build configuration list for PBXNativeTarget "微博项目练习UITests" */ = {
			isa = XCConfigurationList;
			buildConfigurations = (
				5CA7CAEE29F6E2B200658A68 /* Debug */,
				5CA7CAEF29F6E2B200658A68 /* Release */,
			);
			defaultConfigurationIsVisible = 0;
			defaultConfigurationName = Release;
		};
/* End XCConfigurationList section */
	};
	rootObject = 5CA7CAB529F6E2B000658A68 /* Project object */;
}
